
Microsoft Visual Studio Solution File, Format Version 12.00
# Visual Studio Version 17
VisualStudioVersion = 17.5.33516.290
MinimumVisualStudioVersion = 10.0.40219.1
Project("{9A19103F-16F7-4668-BE54-9A1E7A4F7556}") = "Write-homework-helper-X", "Write-homework-helper-X.csproj", "{2351440C-C5FF-4008-92A4-C96E48AF0935}"
EndProject
Global
	GlobalSection(SolutionConfigurationPlatforms) = preSolution
		Debug|Any CPU = Debug|Any CPU
		Debug|x64 = Debug|x64
		Release|Any CPU = Release|Any CPU
		Release|x64 = Release|x64
	EndGlobalSection
	GlobalSection(ProjectConfigurationPlatforms) = postSolution
		{2351440C-C5FF-4008-92A4-C96E48AF0935}.Debug|Any CPU.ActiveCfg = Debug|Any CPU
		{2351440C-C5FF-4008-92A4-C96E48AF0935}.Debug|Any CPU.Build.0 = Debug|Any CPU
		{2351440C-C5FF-4008-92A4-C96E48AF0935}.Debug|x64.ActiveCfg = Debug|x64
		{2351440C-C5FF-4008-92A4-C96E48AF0935}.Debug|x64.Build.0 = Debug|x64
		{2351440C-C5FF-4008-92A4-C96E48AF0935}.Release|Any CPU.ActiveCfg = Release|Any CPU
		{2351440C-C5FF-4008-92A4-C96E48AF0935}.Release|Any CPU.Build.0 = Release|Any CPU
		{2351440C-C5FF-4008-92A4-C96E48AF0935}.Release|x64.ActiveCfg = Release|x64
		{2351440C-C5FF-4008-92A4-C96E48AF0935}.Release|x64.Build.0 = Release|x64
	EndGlobalSection
	GlobalSection(SolutionProperties) = preSolution
		HideSolutionNode = FALSE
	EndGlobalSection
	GlobalSection(ExtensibilityGlobals) = postSolution
		SolutionGuid = {A606C6CC-F42B-47AE-B93A-E8A2F9006BFD}
	EndGlobalSection
EndGlobal
